{
  "version": 4,
  "terraform_version": "1.15.8",
  "serial": 21,
  "lineage": "3db056c7-7753-ac89-73a2-4270f56cd619",
  "outputs": {
    "d1_database_id": {
      "value": "e17855a6-3a88-47a7-aa95-22e902fb4171",
      "type": "string"
    },
    "kv_namespace_id": {
      "value": "58b31c317a9c4eb289277f289df94715",
      "type": "string"
    },
    "kv_preview_namespace_id": {
      "value": "2fa8389b7636437db99eea0ac68ff49b",
      "type": "string"
    },
    "r2_bucket_name": {
      "value": "npm-registry-packages",
      "type": "string"
    },
    "worker_name": {
      "value": "npm-registry",
      "type": "string"
    },
    "worker_url": {
      "value": "https://npm.figentra.com",
      "type": "string"
    }
  },
  "resources": [
    {
      "module": "module.npm_registry",
      "mode": "managed",
      "type": "cloudflare_d1_database",
      "name": "npm_registry",
      "provider": "provider[\"registry.terraform.io/cloudflare/cloudflare\"]",
      "instances": [
        {
          "schema_version": 500,
          "attributes": {
            "account_id": "d861f9ac9df28b7f0b1298cc0c89bc9d",
            "created_at": "2026-09-09T15:22:54Z",
            "file_size": 8192,
            "id": "e17855a6-3a88-47a7-aa95-22e902fb4171",
            "jurisdiction": null,
            "name": "npm-registry-db",
            "num_tables": 0,
            "primary_location_hint": null,
            "read_replication": null,
            "uuid": "e17855a6-3a88-47a7-aa95-22e902fb4171",
            "version": "production"
          },
          "sensitive_attributes": [],
          "identity_schema_version": 0
        }
      ]
    },
    {
      "module": "module.npm_registry",
      "mode": "managed",
      "type": "cloudflare_r2_bucket",
      "name": "npm_packages",
      "provider": "provider[\"registry.terraform.io/cloudflare/cloudflare\"]",
      "instances": [
        {
          "schema_version": 500,
          "attributes": {
            "account_id": "d861f9ac9df28b7f0b1298cc0c89bc9d",
            "creation_date": "2026-09-09T15:22:53.570Z",
            "id": "npm-registry-packages",
            "jurisdiction": "default",
            "location": "WEUR",
            "name": "npm-registry-packages",
            "storage_class": "Standard"
          },
          "sensitive_attributes": [],
          "identity_schema_version": 0
        }
      ]
    },
    {
      "module": "module.npm_registry",
      "mode": "managed",
      "type": "cloudflare_workers_custom_domain",
      "name": "npm_registry",
      "provider": "provider[\"registry.terraform.io/cloudflare/cloudflare\"]",
      "instances": [
        {
          "schema_version": 500,
          "attributes": {
            "account_id": "d861f9ac9df28b7f0b1298cc0c89bc9d",
            "cert_id": "9ed52d5f-e991-4a24-9eb6-971bab453ee8",
            "environment": "production",
            "hostname": "npm.figentra.com",
            "id": "c952f95981dc24c93a3c8dc9e77ba161d9fa0ea6",
            "service": "npm-registry",
            "zone_id": "c096e36a7cf9d69ff21a812025c9ad6a",
            "zone_name": "figentra.com"
          },
          "sensitive_attributes": [],
          "identity_schema_version": 0,
          "dependencies": [
            "module.npm_registry.cloudflare_d1_database.npm_registry",
            "module.npm_registry.cloudflare_r2_bucket.npm_packages",
            "module.npm_registry.cloudflare_workers_kv_namespace.npm_registry",
            "module.npm_registry.cloudflare_workers_script.npm_registry"
          ]
        }
      ]
    },
    {
      "module": "module.npm_registry",
      "mode": "managed",
      "type": "cloudflare_workers_kv_namespace",
      "name": "npm_registry",
      "provider": "provider[\"registry.terraform.io/cloudflare/cloudflare\"]",
      "instances": [
        {
          "schema_version": 500,
          "attributes": {
            "account_id": "d861f9ac9df28b7f0b1298cc0c89bc9d",
            "id": "58b31c317a9c4eb289277f289df94715",
            "supports_url_encoding": true,
            "title": "npm-registry"
          },
          "sensitive_attributes": [],
          "identity_schema_version": 0
        }
      ]
    },
    {
      "module": "module.npm_registry",
      "mode": "managed",
      "type": "cloudflare_workers_kv_namespace",
      "name": "npm_registry_preview",
      "provider": "provider[\"registry.terraform.io/cloudflare/cloudflare\"]",
      "instances": [
        {
          "schema_version": 500,
          "attributes": {
            "account_id": "d861f9ac9df28b7f0b1298cc0c89bc9d",
            "id": "2fa8389b7636437db99eea0ac68ff49b",
            "supports_url_encoding": true,
            "title": "npm-registry-preview"
          },
          "sensitive_attributes": [],
          "identity_schema_version": 0
        }
      ]
    },
    {
      "module": "module.npm_registry",
      "mode": "managed",
      "type": "cloudflare_workers_script",
      "name": "npm_registry",
      "provider": "provider[\"registry.terraform.io/cloudflare/cloudflare\"]",
      "instances": [
        {
          "schema_version": 500,
          "attributes": {
            "account_id": "d861f9ac9df28b7f0b1298cc0c89bc9d",
            "annotations": null,
            "assets": null,
            "bindings": [
              {
                "algorithm": null,
                "allowed_destination_addresses": null,
                "allowed_sender_addresses": null,
                "app_id": null,
                "bucket_name": null,
                "certificate_id": null,
                "class_name": null,
                "database_id": null,
                "dataset": null,
                "destination_address": null,
                "dispatch_namespace": null,
                "entrypoint": null,
                "environment": null,
                "format": null,
                "id": null,
                "index_name": null,
                "instance_name": null,
                "json": null,
                "jurisdiction": null,
                "key_base64": null,
                "key_jwk": null,
                "name": "NPM_REGISTRY",
                "namespace": null,
                "namespace_id": "58b31c317a9c4eb289277f289df94715",
                "network_id": null,
                "old_name": null,
                "outbound": null,
                "part": null,
                "pipeline": null,
                "queue_name": null,
                "script_name": null,
                "secret_name": null,
                "service": null,
                "service_id": null,
                "simple": null,
                "store_id": null,
                "text": null,
                "tunnel_id": null,
                "type": "kv_namespace",
                "usages": null,
                "version_id": null,
                "workflow_name": null
              },
              {
                "algorithm": null,
                "allowed_destination_addresses": null,
                "allowed_sender_addresses": null,
                "app_id": null,
                "bucket_name": null,
                "certificate_id": null,
                "class_name": null,
                "database_id": "e17855a6-3a88-47a7-aa95-22e902fb4171",
                "dataset": null,
                "destination_address": null,
                "dispatch_namespace": null,
                "entrypoint": null,
                "environment": null,
                "format": null,
                "id": null,
                "index_name": null,
                "instance_name": null,
                "json": null,
                "jurisdiction": null,
                "key_base64": null,
                "key_jwk": null,
                "name": "DB",
                "namespace": null,
                "namespace_id": null,
                "network_id": null,
                "old_name": null,
                "outbound": null,
                "part": null,
                "pipeline": null,
                "queue_name": null,
                "script_name": null,
                "secret_name": null,
                "service": null,
                "service_id": null,
                "simple": null,
                "store_id": null,
                "text": null,
                "tunnel_id": null,
                "type": "d1",
                "usages": null,
                "version_id": null,
                "workflow_name": null
              },
              {
                "algorithm": null,
                "allowed_destination_addresses": null,
                "allowed_sender_addresses": null,
                "app_id": null,
                "bucket_name": "npm-registry-packages",
                "certificate_id": null,
                "class_name": null,
                "database_id": null,
                "dataset": null,
                "destination_address": null,
                "dispatch_namespace": null,
                "entrypoint": null,
                "environment": null,
                "format": null,
                "id": null,
                "index_name": null,
                "instance_name": null,
                "json": null,
                "jurisdiction": null,
                "key_base64": null,
                "key_jwk": null,
                "name": "BUCKET",
                "namespace": null,
                "namespace_id": null,
                "network_id": null,
                "old_name": null,
                "outbound": null,
                "part": null,
                "pipeline": null,
                "queue_name": null,
                "script_name": null,
                "secret_name": null,
                "service": null,
                "service_id": null,
                "simple": null,
                "store_id": null,
                "text": null,
                "tunnel_id": null,
                "type": "r2_bucket",
                "usages": null,
                "version_id": null,
                "workflow_name": null
              },
              {
                "algorithm": null,
                "allowed_destination_addresses": null,
                "allowed_sender_addresses": null,
                "app_id": null,
                "bucket_name": null,
                "certificate_id": null,
                "class_name": null,
                "database_id": null,
                "dataset": null,
                "destination_address": null,
                "dispatch_namespace": null,
                "entrypoint": null,
                "environment": null,
                "format": null,
                "id": null,
                "index_name": null,
                "instance_name": null,
                "json": null,
                "jurisdiction": null,
                "key_base64": null,
                "key_jwk": null,
                "name": "FALLBACK_REGISTRY_ENDPOINT",
                "namespace": null,
                "namespace_id": null,
                "network_id": null,
                "old_name": null,
                "outbound": null,
                "part": null,
                "pipeline": null,
                "queue_name": null,
                "script_name": null,
                "secret_name": null,
                "service": null,
                "service_id": null,
                "simple": null,
                "store_id": null,
                "text": "https://registry.npmjs.org",
                "tunnel_id": null,
                "type": "plain_text",
                "usages": null,
                "version_id": null,
                "workflow_name": null
              }
            ],
            "body_part": null,
            "cache_options": null,
            "compatibility_date": "2026-09-09",
            "compatibility_flags": [
              "nodejs_compat"
            ],
            "content": null,
            "content_file": "/Users/akouta/Projects/AD/npm-registry/dist/worker.js",
            "content_sha256": "ece631d7d4ed301a1afcf6df0300afb27246753ed97635e4ccd10ea0fd45700a",
            "content_type": null,
            "created_on": "2026-09-09T15:22:57Z",
            "etag": "937687e4a75a10002cae1d8da17e2740af88611326a2f784847838f75bc39ad1",
            "exports": null,
            "handlers": [
              "get",
              "post",
              "put",
              "delete",
              "options",
              "patch",
              "query",
              "all",
              "on",
              "use",
              "router",
              "getPath",
              "_basePath",
              "routes",
              "errorHandler",
              "onError",
              "notFound",
              "fetch",
              "request",
              "fire",
              "route",
              "basePath",
              "mount"
            ],
            "has_assets": false,
            "has_modules": true,
            "id": "npm-registry",
            "keep_assets": null,
            "keep_bindings": null,
            "last_deployed_from": "terraform",
            "limits": null,
            "logpush": false,
            "main_module": "worker.js",
            "migration_tag": null,
            "migrations": null,
            "modified_on": "2026-09-09T15:22:57Z",
            "named_handlers": null,
            "observability": {
              "enabled": true,
              "head_sampling_rate": 1,
              "logs": {
                "destinations": [
                  "cloudflare"
                ],
                "enabled": true,
                "head_sampling_rate": 1,
                "invocation_logs": true,
                "persist": true
              },
              "traces": null
            },
            "package_dependencies": null,
            "placement": null,
            "placement_mode": null,
            "placement_status": null,
            "script_name": "npm-registry",
            "startup_time_ms": 33,
            "tail_consumers": null,
            "usage_model": "standard"
          },
          "sensitive_attributes": [
            [
              {
                "type": "get_attr",
                "value": "bindings"
              },
              {
                "type": "index",
                "value": {
                  "value": 0,
                  "type": "number"
                }
              },
              {
                "type": "get_attr",
                "value": "key_base64"
              }
            ],
            [
              {
                "type": "get_attr",
                "value": "bindings"
              },
              {
                "type": "index",
                "value": {
                  "value": 0,
                  "type": "number"
                }
              },
              {
                "type": "get_attr",
                "value": "key_jwk"
              }
            ],
            [
              {
                "type": "get_attr",
                "value": "bindings"
              },
              {
                "type": "index",
                "value": {
                  "value": 0,
                  "type": "number"
                }
              },
              {
                "type": "get_attr",
                "value": "text"
              }
            ],
            [
              {
                "type": "get_attr",
                "value": "bindings"
              },
              {
                "type": "index",
                "value": {
                  "value": 1,
                  "type": "number"
                }
              },
              {
                "type": "get_attr",
                "value": "key_base64"
              }
            ],
            [
              {
                "type": "get_attr",
                "value": "bindings"
              },
              {
                "type": "index",
                "value": {
                  "value": 1,
                  "type": "number"
                }
              },
              {
                "type": "get_attr",
                "value": "key_jwk"
              }
            ],
            [
              {
                "type": "get_attr",
                "value": "bindings"
              },
              {
                "type": "index",
                "value": {
                  "value": 1,
                  "type": "number"
                }
              },
              {
                "type": "get_attr",
                "value": "text"
              }
            ],
            [
              {
                "type": "get_attr",
                "value": "bindings"
              },
              {
                "type": "index",
                "value": {
                  "value": 2,
                  "type": "number"
                }
              },
              {
                "type": "get_attr",
                "value": "key_base64"
              }
            ],
            [
              {
                "type": "get_attr",
                "value": "bindings"
              },
              {
                "type": "index",
                "value": {
                  "value": 2,
                  "type": "number"
                }
              },
              {
                "type": "get_attr",
                "value": "key_jwk"
              }
            ],
            [
              {
                "type": "get_attr",
                "value": "bindings"
              },
              {
                "type": "index",
                "value": {
                  "value": 2,
                  "type": "number"
                }
              },
              {
                "type": "get_attr",
                "value": "text"
              }
            ],
            [
              {
                "type": "get_attr",
                "value": "bindings"
              },
              {
                "type": "index",
                "value": {
                  "value": 3,
                  "type": "number"
                }
              },
              {
                "type": "get_attr",
                "value": "key_base64"
              }
            ],
            [
              {
                "type": "get_attr",
                "value": "bindings"
              },
              {
                "type": "index",
                "value": {
                  "value": 3,
                  "type": "number"
                }
              },
              {
                "type": "get_attr",
                "value": "key_jwk"
              }
            ],
            [
              {
                "type": "get_attr",
                "value": "bindings"
              },
              {
                "type": "index",
                "value": {
                  "value": 3,
                  "type": "number"
                }
              },
              {
                "type": "get_attr",
                "value": "text"
              }
            ]
          ],
          "identity_schema_version": 0,
          "dependencies": [
            "module.npm_registry.cloudflare_d1_database.npm_registry",
            "module.npm_registry.cloudflare_r2_bucket.npm_packages",
            "module.npm_registry.cloudflare_workers_kv_namespace.npm_registry"
          ]
        }
      ]
    }
  ],
  "check_results": [
    {
      "object_kind": "var",
      "config_addr": "var.cloudflare_account_id",
      "status": "pass",
      "objects": [
        {
          "object_addr": "var.cloudflare_account_id",
          "status": "pass"
        }
      ]
    },
    {
      "object_kind": "var",
      "config_addr": "module.npm_registry.var.registry_name",
      "status": "pass",
      "objects": [
        {
          "object_addr": "module.npm_registry.var.registry_name",
          "status": "pass"
        }
      ]
    },
    {
      "object_kind": "var",
      "config_addr": "var.registry_name",
      "status": "pass",
      "objects": [
        {
          "object_addr": "var.registry_name",
          "status": "pass"
        }
      ]
    },
    {
      "object_kind": "var",
      "config_addr": "module.npm_registry.var.environment",
      "status": "pass",
      "objects": [
        {
          "object_addr": "module.npm_registry.var.environment",
          "status": "pass"
        }
      ]
    },
    {
      "object_kind": "var",
      "config_addr": "var.environment",
      "status": "pass",
      "objects": [
        {
          "object_addr": "var.environment",
          "status": "pass"
        }
      ]
    },
    {
      "object_kind": "var",
      "config_addr": "module.npm_registry.var.registry_domain",
      "status": "pass",
      "objects": [
        {
          "object_addr": "module.npm_registry.var.registry_domain",
          "status": "pass"
        }
      ]
    },
    {
      "object_kind": "var",
      "config_addr": "module.npm_registry.var.zone_id",
      "status": "pass",
      "objects": [
        {
          "object_addr": "module.npm_registry.var.zone_id",
          "status": "pass"
        }
      ]
    },
    {
      "object_kind": "var",
      "config_addr": "var.registry_domain",
      "status": "pass",
      "objects": [
        {
          "object_addr": "var.registry_domain",
          "status": "pass"
        }
      ]
    },
    {
      "object_kind": "var",
      "config_addr": "var.cloudflare_zone_id",
      "status": "pass",
      "objects": [
        {
          "object_addr": "var.cloudflare_zone_id",
          "status": "pass"
        }
      ]
    },
    {
      "object_kind": "var",
      "config_addr": "module.npm_registry.var.account_id",
      "status": "pass",
      "objects": [
        {
          "object_addr": "module.npm_registry.var.account_id",
          "status": "pass"
        }
      ]
    }
  ]
}
